
Microsoft Visual Studio Solution File, Format Version 12.00
Project("{FAE04EC0-301F-11D3-BF4B-00C04F79EFBC}") = "Node.Seed", "Node.Seed\Node.Seed.csproj", "{CBAD521E-E1FE-4F98-8DB2-2F52ACB59E9F}"
EndProject
Project("{FAE04EC0-301F-11D3-BF4B-00C04F79EFBC}") = "Node.ClusterMonitor", "Node.ClusterMonitor\Node.ClusterMonitor.csproj", "{B248CAC8-3E6E-4E35-BDD2-9AB0EDE1A5E6}"
EndProject
Project("{FAE04EC0-301F-11D3-BF4B-00C04F79EFBC}") = "Shared", "Shared\Shared.csproj", "{004209E0-39A2-4BDE-8C71-39C9539B01F9}"
EndProject
Project("{FAE04EC0-301F-11D3-BF4B-00C04F79EFBC}") = "Sidecar", "Sidecar\Sidecar.csproj", "{8DD45D6D-4CEC-466D-9931-B06A5C882D06}"
EndProject
Project("{FAE04EC0-301F-11D3-BF4B-00C04F79EFBC}") = "Sidecar.ConsoleDemo", "Sidecar.ConsoleDemo\Sidecar.ConsoleDemo.csproj", "{8930C0D5-3D08-48F3-A06B-B4A21EFA873C}"
EndProject
Project("{FAE04EC0-301F-11D3-BF4B-00C04F79EFBC}") = "Sidecar.ProducerDemo", "Sidecar.ProducerDemo\Sidecar.ProducerDemo.csproj", "{C7F518D7-45CC-478E-AA7D-467BB459BABE}"
EndProject
Global
	GlobalSection(SolutionConfigurationPlatforms) = preSolution
		Debug|Any CPU = Debug|Any CPU
		Release|Any CPU = Release|Any CPU
	EndGlobalSection
	GlobalSection(ProjectConfigurationPlatforms) = postSolution
		{CBAD521E-E1FE-4F98-8DB2-2F52ACB59E9F}.Debug|Any CPU.ActiveCfg = Debug|Any CPU
		{CBAD521E-E1FE-4F98-8DB2-2F52ACB59E9F}.Debug|Any CPU.Build.0 = Debug|Any CPU
		{CBAD521E-E1FE-4F98-8DB2-2F52ACB59E9F}.Release|Any CPU.ActiveCfg = Release|Any CPU
		{CBAD521E-E1FE-4F98-8DB2-2F52ACB59E9F}.Release|Any CPU.Build.0 = Release|Any CPU
		{B248CAC8-3E6E-4E35-BDD2-9AB0EDE1A5E6}.Debug|Any CPU.ActiveCfg = Debug|Any CPU
		{B248CAC8-3E6E-4E35-BDD2-9AB0EDE1A5E6}.Debug|Any CPU.Build.0 = Debug|Any CPU
		{B248CAC8-3E6E-4E35-BDD2-9AB0EDE1A5E6}.Release|Any CPU.ActiveCfg = Release|Any CPU
		{B248CAC8-3E6E-4E35-BDD2-9AB0EDE1A5E6}.Release|Any CPU.Build.0 = Release|Any CPU
		{004209E0-39A2-4BDE-8C71-39C9539B01F9}.Debug|Any CPU.ActiveCfg = Debug|Any CPU
		{004209E0-39A2-4BDE-8C71-39C9539B01F9}.Debug|Any CPU.Build.0 = Debug|Any CPU
		{004209E0-39A2-4BDE-8C71-39C9539B01F9}.Release|Any CPU.ActiveCfg = Release|Any CPU
		{004209E0-39A2-4BDE-8C71-39C9539B01F9}.Release|Any CPU.Build.0 = Release|Any CPU
		{8DD45D6D-4CEC-466D-9931-B06A5C882D06}.Debug|Any CPU.ActiveCfg = Debug|Any CPU
		{8DD45D6D-4CEC-466D-9931-B06A5C882D06}.Debug|Any CPU.Build.0 = Debug|Any CPU
		{8DD45D6D-4CEC-466D-9931-B06A5C882D06}.Release|Any CPU.ActiveCfg = Release|Any CPU
		{8DD45D6D-4CEC-466D-9931-B06A5C882D06}.Release|Any CPU.Build.0 = Release|Any CPU
		{8930C0D5-3D08-48F3-A06B-B4A21EFA873C}.Debug|Any CPU.ActiveCfg = Debug|Any CPU
		{8930C0D5-3D08-48F3-A06B-B4A21EFA873C}.Debug|Any CPU.Build.0 = Debug|Any CPU
		{8930C0D5-3D08-48F3-A06B-B4A21EFA873C}.Release|Any CPU.ActiveCfg = Release|Any CPU
		{8930C0D5-3D08-48F3-A06B-B4A21EFA873C}.Release|Any CPU.Build.0 = Release|Any CPU
		{C7F518D7-45CC-478E-AA7D-467BB459BABE}.Debug|Any CPU.ActiveCfg = Debug|Any CPU
		{C7F518D7-45CC-478E-AA7D-467BB459BABE}.Debug|Any CPU.Build.0 = Debug|Any CPU
		{C7F518D7-45CC-478E-AA7D-467BB459BABE}.Release|Any CPU.ActiveCfg = Release|Any CPU
		{C7F518D7-45CC-478E-AA7D-467BB459BABE}.Release|Any CPU.Build.0 = Release|Any CPU
	EndGlobalSection
EndGlobal
